
Microsoft Visual Studio Solution File, Format Version 12.00
# Visual Studio Version 17
VisualStudioVersion = 17.2.32616.157
MinimumVisualStudioVersion = 10.0.40219.1
Project("{9A19103F-16F7-4668-BE54-9A1E7A4F7556}") = "CIB.WebAPI", "CIB.WebAPI\CIB.WebAPI.csproj", "{B4B25703-86CC-431B-9619-9D8FAB6A2B88}"
EndProject
Project("{9A19103F-16F7-4668-BE54-9A1E7A4F7556}") = "CIB.Domain", "CIB.Domain\CIB.Domain.csproj", "{89BC434E-D17B-46F6-B149-B8F6F0F1036E}"
EndProject
Project("{9A19103F-16F7-4668-BE54-9A1E7A4F7556}") = "CIB.DataAccessEF", "CIB.DataAccessEF\CIB.DataAccessEF.csproj", "{A9F0938A-FD48-4536-A338-41501580D981}"
EndProject
Project("{FAE04EC0-301F-11D3-BF4B-00C04F79EFBC}") = "CIB.WebApp", "CIB.WebApp\CIB.WebApp.csproj", "{47178653-FD26-4CA2-A2A1-B47B12C07096}"
EndProject
Global
	GlobalSection(SolutionConfigurationPlatforms) = preSolution
		Debug|Any CPU = Debug|Any CPU
		Release|Any CPU = Release|Any CPU
	EndGlobalSection
	GlobalSection(ProjectConfigurationPlatforms) = postSolution
		{B4B25703-86CC-431B-9619-9D8FAB6A2B88}.Debug|Any CPU.ActiveCfg = Debug|Any CPU
		{B4B25703-86CC-431B-9619-9D8FAB6A2B88}.Debug|Any CPU.Build.0 = Debug|Any CPU
		{B4B25703-86CC-431B-9619-9D8FAB6A2B88}.Release|Any CPU.ActiveCfg = Release|Any CPU
		{B4B25703-86CC-431B-9619-9D8FAB6A2B88}.Release|Any CPU.Build.0 = Release|Any CPU
		{89BC434E-D17B-46F6-B149-B8F6F0F1036E}.Debug|Any CPU.ActiveCfg = Debug|Any CPU
		{89BC434E-D17B-46F6-B149-B8F6F0F1036E}.Debug|Any CPU.Build.0 = Debug|Any CPU
		{89BC434E-D17B-46F6-B149-B8F6F0F1036E}.Release|Any CPU.ActiveCfg = Release|Any CPU
		{89BC434E-D17B-46F6-B149-B8F6F0F1036E}.Release|Any CPU.Build.0 = Release|Any CPU
		{A9F0938A-FD48-4536-A338-41501580D981}.Debug|Any CPU.ActiveCfg = Debug|Any CPU
		{A9F0938A-FD48-4536-A338-41501580D981}.Debug|Any CPU.Build.0 = Debug|Any CPU
		{A9F0938A-FD48-4536-A338-41501580D981}.Release|Any CPU.ActiveCfg = Release|Any CPU
		{A9F0938A-FD48-4536-A338-41501580D981}.Release|Any CPU.Build.0 = Release|Any CPU
		{47178653-FD26-4CA2-A2A1-B47B12C07096}.Debug|Any CPU.ActiveCfg = Debug|Any CPU
		{47178653-FD26-4CA2-A2A1-B47B12C07096}.Debug|Any CPU.Build.0 = Debug|Any CPU
		{47178653-FD26-4CA2-A2A1-B47B12C07096}.Release|Any CPU.ActiveCfg = Release|Any CPU
		{47178653-FD26-4CA2-A2A1-B47B12C07096}.Release|Any CPU.Build.0 = Release|Any CPU
	EndGlobalSection
	GlobalSection(SolutionProperties) = preSolution
		HideSolutionNode = FALSE
	EndGlobalSection
	GlobalSection(ExtensibilityGlobals) = postSolution
		SolutionGuid = {41ED03F2-85FF-4E25-899C-75D31F5D2E3B}
	EndGlobalSection
EndGlobal
